
Microsoft Visual Studio Solution File, Format Version 12.00
# Visual Studio Version 17
VisualStudioVersion = 17.10.35027.167
MinimumVisualStudioVersion = 10.0.40219.1
Project("{FAE04EC0-301F-11D3-BF4B-00C04F79EFBC}") = "InnovaHackathon", "InnovaHackathon\InnovaHackathon.csproj", "{819A2A59-E046-4521-A147-A17077AA6266}"
EndProject
Project("{FAE04EC0-301F-11D3-BF4B-00C04F79EFBC}") = "Core", "Core\Core.csproj", "{C959670D-B37A-49BF-A285-8A286FD15B9F}"
EndProject
Project("{FAE04EC0-301F-11D3-BF4B-00C04F79EFBC}") = "Infrastructure", "Infrastructure\Infrastructure.csproj", "{622D1EE1-6CFB-41B7-A0F0-73A5B00B3CAF}"
EndProject
Global
	GlobalSection(SolutionConfigurationPlatforms) = preSolution
		Debug|Any CPU = Debug|Any CPU
		Release|Any CPU = Release|Any CPU
	EndGlobalSection
	GlobalSection(ProjectConfigurationPlatforms) = postSolution
		{819A2A59-E046-4521-A147-A17077AA6266}.Debug|Any CPU.ActiveCfg = Debug|Any CPU
		{819A2A59-E046-4521-A147-A17077AA6266}.Debug|Any CPU.Build.0 = Debug|Any CPU
		{819A2A59-E046-4521-A147-A17077AA6266}.Release|Any CPU.ActiveCfg = Release|Any CPU
		{819A2A59-E046-4521-A147-A17077AA6266}.Release|Any CPU.Build.0 = Release|Any CPU
		{C959670D-B37A-49BF-A285-8A286FD15B9F}.Debug|Any CPU.ActiveCfg = Debug|Any CPU
		{C959670D-B37A-49BF-A285-8A286FD15B9F}.Debug|Any CPU.Build.0 = Debug|Any CPU
		{C959670D-B37A-49BF-A285-8A286FD15B9F}.Release|Any CPU.ActiveCfg = Release|Any CPU
		{C959670D-B37A-49BF-A285-8A286FD15B9F}.Release|Any CPU.Build.0 = Release|Any CPU
		{622D1EE1-6CFB-41B7-A0F0-73A5B00B3CAF}.Debug|Any CPU.ActiveCfg = Debug|Any CPU
		{622D1EE1-6CFB-41B7-A0F0-73A5B00B3CAF}.Debug|Any CPU.Build.0 = Debug|Any CPU
		{622D1EE1-6CFB-41B7-A0F0-73A5B00B3CAF}.Release|Any CPU.ActiveCfg = Release|Any CPU
		{622D1EE1-6CFB-41B7-A0F0-73A5B00B3CAF}.Release|Any CPU.Build.0 = Release|Any CPU
	EndGlobalSection
	GlobalSection(SolutionProperties) = preSolution
		HideSolutionNode = FALSE
	EndGlobalSection
	GlobalSection(ExtensibilityGlobals) = postSolution
		SolutionGuid = {98DCE116-3003-4B77-99A7-F0FC862A3B54}
	EndGlobalSection
EndGlobal
